
Microsoft Visual Studio Solution File, Format Version 12.00
# Visual Studio Version 17
VisualStudioVersion = 17.9.34728.123
MinimumVisualStudioVersion = 10.0.40219.1
Project("{FAE04EC0-301F-11D3-BF4B-00C04F79EFBC}") = "TouringShop", "TouringShop\TouringShop.csproj", "{B7CC62C2-2487-41F1-8BA7-51880C36940E}"
EndProject
Global
	GlobalSection(SolutionConfigurationPlatforms) = preSolution
		Debug|Any CPU = Debug|Any CPU
		Release|Any CPU = Release|Any CPU
	EndGlobalSection
	GlobalSection(ProjectConfigurationPlatforms) = postSolution
		{B7CC62C2-2487-41F1-8BA7-51880C36940E}.Debug|Any CPU.ActiveCfg = Debug|Any CPU
		{B7CC62C2-2487-41F1-8BA7-51880C36940E}.Debug|Any CPU.Build.0 = Debug|Any CPU
		{B7CC62C2-2487-41F1-8BA7-51880C36940E}.Release|Any CPU.ActiveCfg = Release|Any CPU
		{B7CC62C2-2487-41F1-8BA7-51880C36940E}.Release|Any CPU.Build.0 = Release|Any CPU
	EndGlobalSection
	GlobalSection(SolutionProperties) = preSolution
		HideSolutionNode = FALSE
	EndGlobalSection
	GlobalSection(ExtensibilityGlobals) = postSolution
		SolutionGuid = {520A888D-902F-42CB-81ED-5177243FB805}
	EndGlobalSection
EndGlobal
